
Microsoft Visual Studio Solution File, Format Version 12.00
# Visual Studio Version 17
VisualStudioVersion = 17.2.32516.85
MinimumVisualStudioVersion = 10.0.40219.1
Project("{2150E333-8FDC-42A3-9474-1A3956D46DE8}") = "src", "src", "{9A2B01FC-C6BB-4597-B4D6-5BCE1B0802BE}"
EndProject
Project("{2150E333-8FDC-42A3-9474-1A3956D46DE8}") = "ApiGateway", "ApiGateway", "{3C84DCA9-8A2E-4BC3-BCD2-1D0895D9569F}"
EndProject
Project("{2150E333-8FDC-42A3-9474-1A3956D46DE8}") = "Services", "Services", "{DDE18C34-35A2-4ABB-9EAA-F4AD6D9CE24C}"
EndProject
Project("{2150E333-8FDC-42A3-9474-1A3956D46DE8}") = "WebApp", "WebApp", "{229D60F8-AAF6-4C75-8CC6-D226BD5545B0}"
EndProject
Project("{2150E333-8FDC-42A3-9474-1A3956D46DE8}") = "Products", "Products", "{16012662-DC72-4F83-8FD4-6341F1FC69BB}"
EndProject
Project("{2150E333-8FDC-42A3-9474-1A3956D46DE8}") = "Common", "Common", "{ADB062E3-9180-4A04-BBF6-1A14E473E528}"
EndProject
Project("{2150E333-8FDC-42A3-9474-1A3956D46DE8}") = "Order", "Order", "{70A81815-B3DE-4803-B32D-008AA6B1ADB4}"
EndProject
Project("{2150E333-8FDC-42A3-9474-1A3956D46DE8}") = "Sourcing", "Sourcing", "{2779C349-0DC1-4432-B3BE-F10644A83B59}"
EndProject
Project("{9A19103F-16F7-4668-BE54-9A1E7A4F7556}") = "ESourcing.Products", "ESourcing.Products\ESourcing.Products.csproj", "{70E11022-08F0-4E10-9106-925B8B06FDA1}"
EndProject
Project("{E53339B2-1760-4266-BCC7-CA923CBCF16C}") = "docker-compose", "docker-compose.dcproj", "{B30B469B-96B9-4FE7-9556-A9EAE678E362}"
EndProject
Project("{FAE04EC0-301F-11D3-BF4B-00C04F79EFBC}") = "ESourcing.Sourcing", "..\ESourcing.Sourcing\ESourcing.Sourcing.csproj", "{030E0C7B-FFE5-41B3-AC2C-12D0C51A5ECE}"
EndProject
Global
	GlobalSection(SolutionConfigurationPlatforms) = preSolution
		Debug|Any CPU = Debug|Any CPU
		Release|Any CPU = Release|Any CPU
	EndGlobalSection
	GlobalSection(ProjectConfigurationPlatforms) = postSolution
		{70E11022-08F0-4E10-9106-925B8B06FDA1}.Debug|Any CPU.ActiveCfg = Debug|Any CPU
		{70E11022-08F0-4E10-9106-925B8B06FDA1}.Debug|Any CPU.Build.0 = Debug|Any CPU
		{70E11022-08F0-4E10-9106-925B8B06FDA1}.Release|Any CPU.ActiveCfg = Release|Any CPU
		{70E11022-08F0-4E10-9106-925B8B06FDA1}.Release|Any CPU.Build.0 = Release|Any CPU
		{B30B469B-96B9-4FE7-9556-A9EAE678E362}.Debug|Any CPU.ActiveCfg = Debug|Any CPU
		{B30B469B-96B9-4FE7-9556-A9EAE678E362}.Debug|Any CPU.Build.0 = Debug|Any CPU
		{B30B469B-96B9-4FE7-9556-A9EAE678E362}.Release|Any CPU.ActiveCfg = Release|Any CPU
		{B30B469B-96B9-4FE7-9556-A9EAE678E362}.Release|Any CPU.Build.0 = Release|Any CPU
		{030E0C7B-FFE5-41B3-AC2C-12D0C51A5ECE}.Debug|Any CPU.ActiveCfg = Debug|Any CPU
		{030E0C7B-FFE5-41B3-AC2C-12D0C51A5ECE}.Debug|Any CPU.Build.0 = Debug|Any CPU
		{030E0C7B-FFE5-41B3-AC2C-12D0C51A5ECE}.Release|Any CPU.ActiveCfg = Release|Any CPU
		{030E0C7B-FFE5-41B3-AC2C-12D0C51A5ECE}.Release|Any CPU.Build.0 = Release|Any CPU
	EndGlobalSection
	GlobalSection(SolutionProperties) = preSolution
		HideSolutionNode = FALSE
	EndGlobalSection
	GlobalSection(NestedProjects) = preSolution
		{3C84DCA9-8A2E-4BC3-BCD2-1D0895D9569F} = {9A2B01FC-C6BB-4597-B4D6-5BCE1B0802BE}
		{DDE18C34-35A2-4ABB-9EAA-F4AD6D9CE24C} = {9A2B01FC-C6BB-4597-B4D6-5BCE1B0802BE}
		{229D60F8-AAF6-4C75-8CC6-D226BD5545B0} = {9A2B01FC-C6BB-4597-B4D6-5BCE1B0802BE}
		{16012662-DC72-4F83-8FD4-6341F1FC69BB} = {DDE18C34-35A2-4ABB-9EAA-F4AD6D9CE24C}
		{ADB062E3-9180-4A04-BBF6-1A14E473E528} = {DDE18C34-35A2-4ABB-9EAA-F4AD6D9CE24C}
		{70A81815-B3DE-4803-B32D-008AA6B1ADB4} = {DDE18C34-35A2-4ABB-9EAA-F4AD6D9CE24C}
		{2779C349-0DC1-4432-B3BE-F10644A83B59} = {DDE18C34-35A2-4ABB-9EAA-F4AD6D9CE24C}
		{70E11022-08F0-4E10-9106-925B8B06FDA1} = {16012662-DC72-4F83-8FD4-6341F1FC69BB}
		{030E0C7B-FFE5-41B3-AC2C-12D0C51A5ECE} = {2779C349-0DC1-4432-B3BE-F10644A83B59}
	EndGlobalSection
	GlobalSection(ExtensibilityGlobals) = postSolution
		SolutionGuid = {EEC11F5E-C66C-4C78-8671-856627973B86}
	EndGlobalSection
EndGlobal
